
Microsoft Visual Studio Solution File, Format Version 12.00
# Visual Studio 15
VisualStudioVersion = 15.0.26730.3
MinimumVisualStudioVersion = 10.0.40219.1
Project("{FAE04EC0-301F-11D3-BF4B-00C04F79EFBC}") = "GridLaunch", "GridLaunch\GridLaunch.csproj", "{47934A31-57A4-49F1-A087-EF9291025380}"
EndProject
Global
	GlobalSection(SolutionConfigurationPlatforms) = preSolution
		Debug|Any CPU = Debug|Any CPU
		Release|Any CPU = Release|Any CPU
	EndGlobalSection
	GlobalSection(ProjectConfigurationPlatforms) = postSolution
		{47934A31-57A4-49F1-A087-EF9291025380}.Debug|Any CPU.ActiveCfg = Debug|Any CPU
		{47934A31-57A4-49F1-A087-EF9291025380}.Debug|Any CPU.Build.0 = Debug|Any CPU
		{47934A31-57A4-49F1-A087-EF9291025380}.Release|Any CPU.ActiveCfg = Release|Any CPU
		{47934A31-57A4-49F1-A087-EF9291025380}.Release|Any CPU.Build.0 = Release|Any CPU
	EndGlobalSection
	GlobalSection(SolutionProperties) = preSolution
		HideSolutionNode = FALSE
	EndGlobalSection
	GlobalSection(ExtensibilityGlobals) = postSolution
		SolutionGuid = {96198EB2-924D-4D6F-9DC8-17F2CB8EDC4E}
	EndGlobalSection
EndGlobal
